
Microsoft Visual Studio Solution File, Format Version 11.00
# Visual Studio 2010
Project("{FAE04EC0-301F-11D3-BF4B-00C04F79EFBC}") = "ComunidadDeportiva", "ComunidadDeportiva\ComunidadDeportiva.csproj", "{49D3DCD5-A6E8-412A-BD65-44C0A43108CA}"
EndProject
Global
	GlobalSection(SolutionConfigurationPlatforms) = preSolution
		Debug|Any CPU = Debug|Any CPU
		Release|Any CPU = Release|Any CPU
	EndGlobalSection
	GlobalSection(ProjectConfigurationPlatforms) = postSolution
		{49D3DCD5-A6E8-412A-BD65-44C0A43108CA}.Debug|Any CPU.ActiveCfg = Debug|Any CPU
		{49D3DCD5-A6E8-412A-BD65-44C0A43108CA}.Debug|Any CPU.Build.0 = Debug|Any CPU
		{49D3DCD5-A6E8-412A-BD65-44C0A43108CA}.Release|Any CPU.ActiveCfg = Release|Any CPU
		{49D3DCD5-A6E8-412A-BD65-44C0A43108CA}.Release|Any CPU.Build.0 = Release|Any CPU
	EndGlobalSection
	GlobalSection(SolutionProperties) = preSolution
		HideSolutionNode = FALSE
	EndGlobalSection
EndGlobal
